{
  "version": 4,
  "terraform_version": "1.9.5",
  "serial": 94,
  "lineage": "6e3bd437-5eb3-ad4f-da63-2f2a847ca41c",
  "outputs": {
    "documentdb_cluster_endpoint": {
      "value": "techchallenge-docdb-cluster.cluster-cu22ok3p68ur.us-east-1.docdb.amazonaws.com",
      "type": "string"
    },
    "documentdb_security_group_id": {
      "value": "sg-0f335aa9272ee2fb6",
      "type": "string"
    },
    "mongodb_connection_string": {
      "value": "mongodb+srv://tech-challenge-cluster.i3ww4.mongodb.net",
      "type": "string",
      "sensitive": true
    },
    "mongodb_credentials": {
      "value": {
        "database": "dbtechchallenge",
        "username": "turmafiap"
      },
      "type": [
        "object",
        {
          "database": "string",
          "username": "string"
        }
      ],
      "sensitive": true
    },
    "sqs_dlq_queue_url": {
      "value": "https://sqs.us-east-1.amazonaws.com/014853897971/payment-order-dlq",
      "type": "string"
    },
    "sqs_main_queue_url": {
      "value": "https://sqs.us-east-1.amazonaws.com/014853897971/payment-order-main",
      "type": "string"
    }
  },
  "resources": [
    {
      "mode": "data",
      "type": "aws_iam_role",
      "name": "LabRole",
      "provider": "provider[\"registry.terraform.io/hashicorp/aws\"]",
      "instances": [
        {
          "schema_version": 0,
          "attributes": {
            "arn": "arn:aws:iam::014853897971:role/LabRole",
            "assume_role_policy": "{\"Version\":\"2012-10-17\",\"Statement\":[{\"Effect\":\"Allow\",\"Principal\":{\"Service\":[\"firehose.amazonaws.com\",\"cognito-idp.amazonaws.com\",\"deepracer.amazonaws.com\",\"forecast.amazonaws.com\",\"states.amazonaws.com\",\"s3.amazonaws.com\",\"resource-groups.amazonaws.com\",\"elasticmapreduce.amazonaws.com\",\"servicecatalog.amazonaws.com\",\"rds.amazonaws.com\",\"scheduler.amazonaws.com\",\"kinesis.amazonaws.com\",\"pipes.amazonaws.com\",\"batch.amazonaws.com\",\"kinesisanalytics.amazonaws.com\",\"kms.amazonaws.com\",\"databrew.amazonaws.com\",\"autoscaling.amazonaws.com\",\"eks-fargate-pods.amazonaws.com\",\"sagemaker.amazonaws.com\",\"ssm.amazonaws.com\",\"backup.amazonaws.com\",\"elasticbeanstalk.amazonaws.com\",\"dynamodb.amazonaws.com\",\"iotevents.amazonaws.com\",\"codecommit.amazonaws.com\",\"events.amazonaws.com\",\"credentials.iot.amazonaws.com\",\"glue.amazonaws.com\",\"logs.amazonaws.com\",\"cloud9.amazonaws.com\",\"cloudtrail.amazonaws.com\",\"ec2.amazonaws.com\",\"codewhisperer.amazonaws.com\",\"secretsmanager.amazonaws.com\",\"iot.amazonaws.com\",\"ecs-tasks.amazonaws.com\",\"ecs.amazonaws.com\",\"application-autoscaling.amazonaws.com\",\"sns.amazonaws.com\",\"cloudformation.amazonaws.com\",\"iotanalytics.amazonaws.com\",\"redshift.amazonaws.com\",\"lambda.amazonaws.com\",\"athena.amazonaws.com\",\"ec2.application-autoscaling.amazonaws.com\",\"codedeploy.amazonaws.com\",\"elasticloadbalancing.amazonaws.com\",\"rekognition.amazonaws.com\",\"apigateway.amazonaws.com\",\"eks.amazonaws.com\",\"elasticfilesystem.amazonaws.com\",\"sqs.amazonaws.com\"],\"AWS\":\"arn:aws:iam::014853897971:role/LabRole\"},\"Action\":\"sts:AssumeRole\"}]}",
            "create_date": "2024-10-26T22:02:18Z",
            "description": "",
            "id": "LabRole",
            "max_session_duration": 3600,
            "name": "LabRole",
            "path": "/",
            "permissions_boundary": "",
            "role_last_used": [
              {
                "last_used_date": "",
                "region": ""
              }
            ],
            "tags": {
              "cloudlab": "c136035a3465059l8124218t1w014853897971"
            },
            "unique_id": "AROAQG5K4P3Z6FNR6IQ2W"
          },
          "sensitive_attributes": []
        }
      ]
    },
    {
      "mode": "data",
      "type": "aws_subnets",
      "name": "private_subnets",
      "provider": "provider[\"registry.terraform.io/hashicorp/aws\"]",
      "instances": [
        {
          "schema_version": 0,
          "attributes": {
            "filter": [
              {
                "name": "tag:Name",
                "values": [
                  "techchallenge-vpc-private*"
                ]
              },
              {
                "name": "vpc-id",
                "values": [
                  "vpc-02671f4a1c2648aa2"
                ]
              }
            ],
            "id": "us-east-1",
            "ids": [
              "subnet-088f695c9750a3da8",
              "subnet-00c5158c3c7c30cf3",
              "subnet-09e4c2c5d2120d2ed"
            ],
            "tags": null,
            "timeouts": null
          },
          "sensitive_attributes": []
        }
      ]
    },
    {
      "mode": "data",
      "type": "aws_vpc",
      "name": "techchallenge-vpc",
      "provider": "provider[\"registry.terraform.io/hashicorp/aws\"]",
      "instances": [
        {
          "schema_version": 0,
          "attributes": {
            "arn": "arn:aws:ec2:us-east-1:014853897971:vpc/vpc-02671f4a1c2648aa2",
            "cidr_block": "10.0.0.0/16",
            "cidr_block_associations": [
              {
                "association_id": "vpc-cidr-assoc-073595b5315a43464",
                "cidr_block": "10.0.0.0/16",
                "state": "associated"
              }
            ],
            "default": false,
            "dhcp_options_id": "dopt-0363aa85e12fefa1f",
            "enable_dns_hostnames": true,
            "enable_dns_support": true,
            "enable_network_address_usage_metrics": false,
            "filter": [
              {
                "name": "tag:Name",
                "values": [
                  "techchallenge-vpc"
                ]
              }
            ],
            "id": "vpc-02671f4a1c2648aa2",
            "instance_tenancy": "default",
            "ipv6_association_id": "",
            "ipv6_cidr_block": "",
            "main_route_table_id": "rtb-0cdaa18a297cf0880",
            "owner_id": "014853897971",
            "state": null,
            "tags": {
              "Name": "techchallenge-vpc"
            },
            "timeouts": null
          },
          "sensitive_attributes": []
        }
      ]
    },
    {
      "mode": "data",
      "type": "mongodbatlas_project",
      "name": "project",
      "provider": "provider[\"registry.terraform.io/mongodb/mongodbatlas\"]",
      "instances": [
        {
          "schema_version": 0,
          "attributes": {
            "cluster_count": 1,
            "created": "2024-11-02T19:22:29Z",
            "id": "67267bf2cc3c1c55ff2abd4c",
            "ip_addresses": {
              "services": {
                "clusters": [
                  {
                    "cluster_name": "tech-challenge-cluster",
                    "inbound": [
                      "34.234.98.72",
                      "34.195.78.198",
                      "34.192.222.153"
                    ],
                    "outbound": [
                      "34.234.98.72",
                      "34.195.78.198",
                      "34.192.222.153"
                    ]
                  }
                ]
              }
            },
            "is_collect_database_specifics_statistics_enabled": true,
            "is_data_explorer_enabled": true,
            "is_extended_storage_sizes_enabled": false,
            "is_performance_advisor_enabled": true,
            "is_realtime_performance_panel_enabled": true,
            "is_schema_advisor_enabled": true,
            "is_slow_operation_thresholding_enabled": true,
            "limits": [
              {
                "current_usage": 0,
                "default_limit": 100,
                "maximum_limit": 1400,
                "name": "atlas.project.security.databaseAccess.customRoles",
                "value": 100
              },
              {
                "current_usage": 0,
                "default_limit": 40,
                "maximum_limit": 220,
                "name": "atlas.project.security.networkAccess.crossRegionEntries",
                "value": 40
              },
              {
                "current_usage": 0,
                "default_limit": 50,
                "maximum_limit": 90,
                "name": "atlas.project.deployment.nodesPerPrivateLinkRegion",
                "value": 50
              },
              {
                "current_usage": 1,
                "default_limit": 100,
                "maximum_limit": 100,
                "name": "atlas.project.deployment.salesSoldM0s",
                "value": 100
              },
              {
                "current_usage": 1,
                "default_limit": 100,
                "maximum_limit": 100,
                "name": "atlas.project.deployment.serverlessMTMs",
                "value": 100
              },
              {
                "current_usage": 1,
                "default_limit": 100,
                "maximum_limit": 900,
                "name": "atlas.project.security.databaseAccess.users",
                "value": 100
              },
              {
                "current_usage": 1,
                "default_limit": 25,
                "maximum_limit": 90,
                "name": "atlas.project.deployment.clusters",
                "value": 25
              },
              {
                "current_usage": 2,
                "default_limit": 200,
                "maximum_limit": 220,
                "name": "atlas.project.security.networkAccess.entries",
                "value": 200
              },
              {
                "current_usage": null,
                "default_limit": 27,
                "maximum_limit": 27,
                "name": "atlas.project.deployment.privateServiceConnectionsSubnetMask",
                "value": 27
              },
              {
                "current_usage": null,
                "default_limit": 50,
                "maximum_limit": 100,
                "name": "atlas.project.deployment.privateServiceConnectionsPerRegionGroup",
                "value": 50
              }
            ],
            "name": "tech-challenge-project",
            "org_id": "6093f42cfe8d0c7c3aab2789",
            "project_id": "67267bf2cc3c1c55ff2abd4c",
            "region_usage_restrictions": null,
            "tags": {},
            "teams": null
          },
          "sensitive_attributes": []
        }
      ]
    },
    {
      "mode": "managed",
      "type": "aws_db_subnet_group",
      "name": "documentdb_subnet_group",
      "provider": "provider[\"registry.terraform.io/hashicorp/aws\"]",
      "instances": [
        {
          "schema_version": 0,
          "attributes": {
            "arn": "arn:aws:rds:us-east-1:014853897971:subgrp:documentdb-subnet-group",
            "description": "Subnet group for DocumentDB in private subnets",
            "id": "documentdb-subnet-group",
            "name": "documentdb-subnet-group",
            "name_prefix": "",
            "subnet_ids": [
              "subnet-00c5158c3c7c30cf3",
              "subnet-088f695c9750a3da8",
              "subnet-09e4c2c5d2120d2ed"
            ],
            "supported_network_types": [
              "IPV4"
            ],
            "tags": {},
            "tags_all": {},
            "vpc_id": "vpc-02671f4a1c2648aa2"
          },
          "sensitive_attributes": [],
          "private": "bnVsbA==",
          "dependencies": [
            "data.aws_subnets.private_subnets",
            "data.aws_vpc.techchallenge-vpc"
          ]
        }
      ]
    },
    {
      "mode": "managed",
      "type": "aws_docdb_cluster",
      "name": "documentdb_cluster",
      "provider": "provider[\"registry.terraform.io/hashicorp/aws\"]",
      "instances": [
        {
          "schema_version": 0,
          "attributes": {
            "allow_major_version_upgrade": null,
            "apply_immediately": true,
            "arn": "arn:aws:rds:us-east-1:014853897971:cluster:techchallenge-docdb-cluster",
            "availability_zones": [
              "us-east-1a",
              "us-east-1b",
              "us-east-1c"
            ],
            "backup_retention_period": 5,
            "cluster_identifier": "techchallenge-docdb-cluster",
            "cluster_identifier_prefix": "",
            "cluster_members": [],
            "cluster_resource_id": "cluster-6IYOXJ5N2ITA7LYDNVI6XR3MZI",
            "db_cluster_parameter_group_name": "default.docdb5.0",
            "db_subnet_group_name": "documentdb-subnet-group",
            "deletion_protection": false,
            "enabled_cloudwatch_logs_exports": [],
            "endpoint": "techchallenge-docdb-cluster.cluster-cu22ok3p68ur.us-east-1.docdb.amazonaws.com",
            "engine": "docdb",
            "engine_version": "5.0.0",
            "final_snapshot_identifier": null,
            "global_cluster_identifier": "",
            "hosted_zone_id": "ZNKXH85TT8WVW",
            "id": "techchallenge-docdb-cluster",
            "kms_key_id": "",
            "master_password": "your_master_password",
            "master_username": "your_master_username",
            "port": 27017,
            "preferred_backup_window": "07:00-09:00",
            "preferred_maintenance_window": "tue:05:48-tue:06:18",
            "reader_endpoint": "techchallenge-docdb-cluster.cluster-ro-cu22ok3p68ur.us-east-1.docdb.amazonaws.com",
            "restore_to_point_in_time": [],
            "skip_final_snapshot": true,
            "snapshot_identifier": null,
            "storage_encrypted": false,
            "storage_type": "",
            "tags": {},
            "tags_all": {},
            "timeouts": null,
            "vpc_security_group_ids": [
              "sg-0f335aa9272ee2fb6"
            ]
          },
          "sensitive_attributes": [
            [
              {
                "type": "get_attr",
                "value": "master_password"
              }
            ]
          ],
          "private": "eyJlMmJmYjczMC1lY2FhLTExZTYtOGY4OC0zNDM2M2JjN2M0YzAiOnsiY3JlYXRlIjo3MjAwMDAwMDAwMDAwLCJkZWxldGUiOjcyMDAwMDAwMDAwMDAsInVwZGF0ZSI6NzIwMDAwMDAwMDAwMH19",
          "dependencies": [
            "aws_db_subnet_group.documentdb_subnet_group",
            "aws_docdb_cluster_parameter_group.documentdb_cluster_pg",
            "aws_security_group.documentdb_sg",
            "data.aws_subnets.private_subnets",
            "data.aws_vpc.techchallenge-vpc"
          ]
        }
      ]
    },
    {
      "mode": "managed",
      "type": "aws_docdb_cluster_parameter_group",
      "name": "documentdb_cluster_pg",
      "provider": "provider[\"registry.terraform.io/hashicorp/aws\"]",
      "instances": [
        {
          "schema_version": 0,
          "attributes": {
            "arn": "arn:aws:rds:us-east-1:014853897971:cluster-pg:documentdb-cluster-pg",
            "description": "Parameter group with TLS enabled for DocumentDB",
            "family": "docdb4.0",
            "id": "documentdb-cluster-pg",
            "name": "documentdb-cluster-pg",
            "name_prefix": "",
            "parameter": [
              {
                "apply_method": "pending-reboot",
                "name": "tls",
                "value": "enabled"
              }
            ],
            "tags": {},
            "tags_all": {}
          },
          "sensitive_attributes": [],
          "private": "bnVsbA=="
        }
      ]
    },
    {
      "mode": "managed",
      "type": "aws_security_group",
      "name": "documentdb_sg",
      "provider": "provider[\"registry.terraform.io/hashicorp/aws\"]",
      "instances": [
        {
          "schema_version": 1,
          "attributes": {
            "arn": "arn:aws:ec2:us-east-1:014853897971:security-group/sg-0f335aa9272ee2fb6",
            "description": "Allow MongoDB traffic to DocumentDB cluster",
            "egress": [
              {
                "cidr_blocks": [
                  "0.0.0.0/0"
                ],
                "description": "",
                "from_port": 0,
                "ipv6_cidr_blocks": [],
                "prefix_list_ids": [],
                "protocol": "-1",
                "security_groups": [],
                "self": false,
                "to_port": 0
              }
            ],
            "id": "sg-0f335aa9272ee2fb6",
            "ingress": [
              {
                "cidr_blocks": [
                  "10.0.0.0/16"
                ],
                "description": "",
                "from_port": 27017,
                "ipv6_cidr_blocks": [],
                "prefix_list_ids": [],
                "protocol": "tcp",
                "security_groups": [],
                "self": false,
                "to_port": 27017
              }
            ],
            "name": "documentdb-sg",
            "name_prefix": "",
            "owner_id": "014853897971",
            "revoke_rules_on_delete": false,
            "tags": {},
            "tags_all": {},
            "timeouts": null,
            "vpc_id": "vpc-02671f4a1c2648aa2"
          },
          "sensitive_attributes": [],
          "private": "eyJlMmJmYjczMC1lY2FhLTExZTYtOGY4OC0zNDM2M2JjN2M0YzAiOnsiY3JlYXRlIjo2MDAwMDAwMDAwMDAsImRlbGV0ZSI6OTAwMDAwMDAwMDAwfSwic2NoZW1hX3ZlcnNpb24iOiIxIn0=",
          "dependencies": [
            "data.aws_vpc.techchallenge-vpc"
          ]
        }
      ]
    },
    {
      "mode": "managed",
      "type": "aws_sqs_queue",
      "name": "payment_order_dlq",
      "provider": "provider[\"registry.terraform.io/hashicorp/aws\"]",
      "instances": [
        {
          "schema_version": 0,
          "attributes": {
            "arn": "arn:aws:sqs:us-east-1:014853897971:payment-order-dlq",
            "content_based_deduplication": false,
            "deduplication_scope": "",
            "delay_seconds": 0,
            "fifo_queue": false,
            "fifo_throughput_limit": "",
            "id": "https://sqs.us-east-1.amazonaws.com/014853897971/payment-order-dlq",
            "kms_data_key_reuse_period_seconds": 300,
            "kms_master_key_id": "",
            "max_message_size": 262144,
            "message_retention_seconds": 1209600,
            "name": "payment-order-dlq",
            "name_prefix": "",
            "policy": "",
            "receive_wait_time_seconds": 0,
            "redrive_allow_policy": "",
            "redrive_policy": "",
            "sqs_managed_sse_enabled": true,
            "tags": {
              "Environment": "development",
              "Purpose": "DLQ for payment orders"
            },
            "tags_all": {
              "Environment": "development",
              "Purpose": "DLQ for payment orders"
            },
            "url": "https://sqs.us-east-1.amazonaws.com/014853897971/payment-order-dlq",
            "visibility_timeout_seconds": 30
          },
          "sensitive_attributes": [],
          "private": "bnVsbA=="
        }
      ]
    },
    {
      "mode": "managed",
      "type": "aws_sqs_queue",
      "name": "payment_order_main",
      "provider": "provider[\"registry.terraform.io/hashicorp/aws\"]",
      "instances": [
        {
          "schema_version": 0,
          "attributes": {
            "arn": "arn:aws:sqs:us-east-1:014853897971:payment-order-main",
            "content_based_deduplication": false,
            "deduplication_scope": "",
            "delay_seconds": 0,
            "fifo_queue": false,
            "fifo_throughput_limit": "",
            "id": "https://sqs.us-east-1.amazonaws.com/014853897971/payment-order-main",
            "kms_data_key_reuse_period_seconds": 300,
            "kms_master_key_id": "",
            "max_message_size": 262144,
            "message_retention_seconds": 345600,
            "name": "payment-order-main",
            "name_prefix": "",
            "policy": "",
            "receive_wait_time_seconds": 0,
            "redrive_allow_policy": "",
            "redrive_policy": "{\"deadLetterTargetArn\":\"arn:aws:sqs:us-east-1:014853897971:payment-order-dlq\",\"maxReceiveCount\":3}",
            "sqs_managed_sse_enabled": true,
            "tags": {
              "Environment": "development",
              "Purpose": "Main payment orders queue"
            },
            "tags_all": {
              "Environment": "development",
              "Purpose": "Main payment orders queue"
            },
            "url": "https://sqs.us-east-1.amazonaws.com/014853897971/payment-order-main",
            "visibility_timeout_seconds": 30
          },
          "sensitive_attributes": [],
          "private": "bnVsbA==",
          "dependencies": [
            "aws_sqs_queue.payment_order_dlq"
          ]
        }
      ]
    },
    {
      "mode": "managed",
      "type": "mongodbatlas_cluster",
      "name": "cluster",
      "provider": "provider[\"registry.terraform.io/mongodb/mongodbatlas\"]",
      "instances": [
        {
          "schema_version": 1,
          "attributes": {
            "accept_data_risks_and_force_replica_set_reconfig": "",
            "advanced_configuration": [
              {
                "change_stream_options_pre_and_post_images_expire_after_seconds": -1,
                "default_read_concern": "",
                "default_write_concern": "",
                "fail_index_key_too_long": false,
                "javascript_enabled": true,
                "minimum_enabled_tls_protocol": "TLS1_2",
                "no_table_scan": false,
                "oplog_min_retention_hours": 0,
                "oplog_size_mb": 0,
                "sample_refresh_interval_bi_connector": 0,
                "sample_size_bi_connector": 0,
                "transaction_lifetime_limit_seconds": 0
              }
            ],
            "auto_scaling_compute_enabled": false,
            "auto_scaling_compute_scale_down_enabled": false,
            "auto_scaling_disk_gb_enabled": null,
            "backing_provider_name": "AWS",
            "backup_enabled": false,
            "bi_connector_config": [
              {
                "enabled": false,
                "read_preference": "secondary"
              }
            ],
            "cloud_backup": null,
            "cluster_id": "67267d079c812916e7ed7591",
            "cluster_type": "REPLICASET",
            "connection_strings": [
              {
                "private": "",
                "private_endpoint": [],
                "private_srv": "",
                "standard": "mongodb://tech-challenge-cluster-shard-00-00.i3ww4.mongodb.net:27017,tech-challenge-cluster-shard-00-01.i3ww4.mongodb.net:27017,tech-challenge-cluster-shard-00-02.i3ww4.mongodb.net:27017/?ssl=true\u0026authSource=admin\u0026replicaSet=atlas-auxg1x-shard-0",
                "standard_srv": "mongodb+srv://tech-challenge-cluster.i3ww4.mongodb.net"
              }
            ],
            "container_id": null,
            "disk_size_gb": 0.5,
            "encryption_at_rest_provider": "NONE",
            "id": "Y2x1c3Rlcl9pZA==:NjcyNjdkMDc5YzgxMjkxNmU3ZWQ3NTkx-Y2x1c3Rlcl9uYW1l:dGVjaC1jaGFsbGVuZ2UtY2x1c3Rlcg==-cHJvamVjdF9pZA==:NjcyNjdiZjJjYzNjMWM1NWZmMmFiZDRj-cHJvdmlkZXJfbmFtZQ==:VEVOQU5U",
            "labels": [],
            "mongo_db_major_version": "7.0",
            "mongo_db_version": "7.0.15",
            "mongo_uri": "mongodb://tech-challenge-cluster-shard-00-00.i3ww4.mongodb.net:27017,tech-challenge-cluster-shard-00-01.i3ww4.mongodb.net:27017,tech-challenge-cluster-shard-00-02.i3ww4.mongodb.net:27017",
            "mongo_uri_updated": "2024-11-02T19:29:21Z",
            "mongo_uri_with_options": "mongodb://tech-challenge-cluster-shard-00-00.i3ww4.mongodb.net:27017,tech-challenge-cluster-shard-00-01.i3ww4.mongodb.net:27017,tech-challenge-cluster-shard-00-02.i3ww4.mongodb.net:27017/?ssl=true\u0026authSource=admin\u0026replicaSet=atlas-auxg1x-shard-0",
            "name": "tech-challenge-cluster",
            "num_shards": 1,
            "paused": false,
            "pit_enabled": false,
            "project_id": "67267bf2cc3c1c55ff2abd4c",
            "provider_auto_scaling_compute_max_instance_size": "",
            "provider_auto_scaling_compute_min_instance_size": "",
            "provider_disk_iops": null,
            "provider_disk_type_name": "",
            "provider_encrypt_ebs_volume": null,
            "provider_encrypt_ebs_volume_flag": null,
            "provider_instance_size_name": "M0",
            "provider_name": "TENANT",
            "provider_region_name": "US_EAST_1",
            "provider_volume_type": "",
            "redact_client_log_data": false,
            "replication_factor": 3,
            "replication_specs": [
              {
                "id": "67267d069c812916e7ed757d",
                "num_shards": 1,
                "regions_config": [
                  {
                    "analytics_nodes": 0,
                    "electable_nodes": 3,
                    "priority": 7,
                    "read_only_nodes": 0,
                    "region_name": "US_EAST_1"
                  }
                ],
                "zone_name": "ZoneName managed by Terraform"
              }
            ],
            "retain_backups_enabled": null,
            "snapshot_backup_policy": [],
            "srv_address": "mongodb+srv://tech-challenge-cluster.i3ww4.mongodb.net",
            "state_name": "IDLE",
            "tags": [],
            "termination_protection_enabled": false,
            "timeouts": null,
            "version_release_system": "LTS"
          },
          "sensitive_attributes": [],
          "private": "eyJlMmJmYjczMC1lY2FhLTExZTYtOGY4OC0zNDM2M2JjN2M0YzAiOnsiY3JlYXRlIjoxMDgwMDAwMDAwMDAwMCwiZGVsZXRlIjoxMDgwMDAwMDAwMDAwMCwidXBkYXRlIjoxMDgwMDAwMDAwMDAwMH0sInNjaGVtYV92ZXJzaW9uIjoiMSJ9",
          "dependencies": [
            "aws_db_subnet_group.documentdb_subnet_group",
            "aws_docdb_cluster.documentdb_cluster",
            "aws_docdb_cluster_parameter_group.documentdb_cluster_pg",
            "aws_security_group.documentdb_sg",
            "data.aws_subnets.private_subnets",
            "data.aws_vpc.techchallenge-vpc",
            "data.mongodbatlas_project.project"
          ]
        }
      ]
    },
    {
      "mode": "managed",
      "type": "mongodbatlas_database_user",
      "name": "db_user",
      "provider": "provider[\"registry.terraform.io/mongodb/mongodbatlas\"]",
      "instances": [
        {
          "schema_version": 0,
          "attributes": {
            "auth_database_name": "admin",
            "aws_iam_type": "NONE",
            "id": "YXV0aF9kYXRhYmFzZV9uYW1l:YWRtaW4=-cHJvamVjdF9pZA==:NjcyNjdiZjJjYzNjMWM1NWZmMmFiZDRj-dXNlcm5hbWU=:dHVybWFmaWFw",
            "labels": [],
            "ldap_auth_type": "NONE",
            "oidc_auth_type": "NONE",
            "password": "TechChallange2024",
            "project_id": "67267bf2cc3c1c55ff2abd4c",
            "roles": [
              {
                "collection_name": null,
                "database_name": "dbtechchallenge",
                "role_name": "dbAdmin"
              },
              {
                "collection_name": null,
                "database_name": "dbtechchallenge",
                "role_name": "readWrite"
              }
            ],
            "scopes": [
              {
                "name": "tech-challenge-cluster",
                "type": "CLUSTER"
              }
            ],
            "username": "turmafiap",
            "x509_type": "NONE"
          },
          "sensitive_attributes": [
            [
              {
                "type": "get_attr",
                "value": "password"
              }
            ]
          ],
          "dependencies": [
            "aws_db_subnet_group.documentdb_subnet_group",
            "aws_docdb_cluster.documentdb_cluster",
            "aws_docdb_cluster_parameter_group.documentdb_cluster_pg",
            "aws_security_group.documentdb_sg",
            "data.aws_subnets.private_subnets",
            "data.aws_vpc.techchallenge-vpc",
            "data.mongodbatlas_project.project",
            "mongodbatlas_cluster.cluster"
          ]
        }
      ]
    },
    {
      "mode": "managed",
      "type": "mongodbatlas_project_ip_access_list",
      "name": "ip_list",
      "provider": "provider[\"registry.terraform.io/mongodb/mongodbatlas\"]",
      "instances": [
        {
          "schema_version": 0,
          "attributes": {
            "aws_security_group": "",
            "cidr_block": "10.0.0.0/16",
            "comment": "VPC CIDR",
            "id": "ZW50cnk=:MTAuMC4wLjAvMTY=-cHJvamVjdF9pZA==:NjcyNjdiZjJjYzNjMWM1NWZmMmFiZDRj",
            "ip_address": "",
            "project_id": "67267bf2cc3c1c55ff2abd4c",
            "timeouts": null
          },
          "sensitive_attributes": [],
          "dependencies": [
            "data.aws_vpc.techchallenge-vpc",
            "data.mongodbatlas_project.project"
          ]
        }
      ]
    }
  ],
  "check_results": null
}
